
Microsoft Visual Studio Solution File, Format Version 12.00
# Visual Studio Version 16
VisualStudioVersion = 16.0.30711.63
MinimumVisualStudioVersion = 10.0.40219.1
Project("{9A19103F-16F7-4668-BE54-9A1E7A4F7556}") = "NSwagen", "src\NSwagen\NSwagen.csproj", "{5384DC10-DD1F-47B6-B2CA-41C7674F3B72}"
EndProject
Project("{9A19103F-16F7-4668-BE54-9A1E7A4F7556}") = "NSwagen.Annotations", "src\NSwagen.Annotations\NSwagen.Annotations.csproj", "{D291F940-49E8-4E83-AEEB-9870CB1EF9CF}"
EndProject
Project("{9A19103F-16F7-4668-BE54-9A1E7A4F7556}") = "NSwagen.Core", "src\NSwagen.Core\NSwagen.Core.csproj", "{C0DB462E-149B-4C25-8405-DD3CF632CCB8}"
EndProject
Project("{2150E333-8FDC-42A3-9474-1A3956D46DE8}") = "Solution Items", "Solution Items", "{D9C7F522-D3CD-4479-B1DA-3EFE6ABE077E}"
EndProject
Global
	GlobalSection(SolutionConfigurationPlatforms) = preSolution
		Debug|Any CPU = Debug|Any CPU
		Release|Any CPU = Release|Any CPU
	EndGlobalSection
	GlobalSection(ProjectConfigurationPlatforms) = postSolution
		{5384DC10-DD1F-47B6-B2CA-41C7674F3B72}.Debug|Any CPU.ActiveCfg = Debug-Tool|Any CPU
		{5384DC10-DD1F-47B6-B2CA-41C7674F3B72}.Debug|Any CPU.Build.0 = Debug-Tool|Any CPU
		{5384DC10-DD1F-47B6-B2CA-41C7674F3B72}.Release|Any CPU.ActiveCfg = Release-Tool|Any CPU
		{5384DC10-DD1F-47B6-B2CA-41C7674F3B72}.Release|Any CPU.Build.0 = Release-Tool|Any CPU
		{D291F940-49E8-4E83-AEEB-9870CB1EF9CF}.Debug|Any CPU.ActiveCfg = Debug|Any CPU
		{D291F940-49E8-4E83-AEEB-9870CB1EF9CF}.Debug|Any CPU.Build.0 = Debug|Any CPU
		{D291F940-49E8-4E83-AEEB-9870CB1EF9CF}.Release|Any CPU.ActiveCfg = Release|Any CPU
		{D291F940-49E8-4E83-AEEB-9870CB1EF9CF}.Release|Any CPU.Build.0 = Release|Any CPU
		{C0DB462E-149B-4C25-8405-DD3CF632CCB8}.Debug|Any CPU.ActiveCfg = Debug|Any CPU
		{C0DB462E-149B-4C25-8405-DD3CF632CCB8}.Debug|Any CPU.Build.0 = Debug|Any CPU
		{C0DB462E-149B-4C25-8405-DD3CF632CCB8}.Release|Any CPU.ActiveCfg = Release|Any CPU
		{C0DB462E-149B-4C25-8405-DD3CF632CCB8}.Release|Any CPU.Build.0 = Release|Any CPU
	EndGlobalSection
	GlobalSection(SolutionProperties) = preSolution
		HideSolutionNode = FALSE
	EndGlobalSection
	GlobalSection(ExtensibilityGlobals) = postSolution
		SolutionGuid = {05BBACB3-4FFF-41D2-A5E3-FA2A7213CD1D}
	EndGlobalSection
EndGlobal
